
Microsoft Visual Studio Solution File, Format Version 12.00
# Visual Studio Version 16
VisualStudioVersion = 16.0.31515.178
MinimumVisualStudioVersion = 10.0.40219.1
Project("{FAE04EC0-301F-11D3-BF4B-00C04F79EFBC}") = "Lesson-13", "Lesson-13\Lesson-13.csproj", "{E5C76559-1E26-49D0-9BC0-06BEBCC5F1E9}"
EndProject
Global
	GlobalSection(SolutionConfigurationPlatforms) = preSolution
		Debug|Any CPU = Debug|Any CPU
		Release|Any CPU = Release|Any CPU
	EndGlobalSection
	GlobalSection(ProjectConfigurationPlatforms) = postSolution
		{E5C76559-1E26-49D0-9BC0-06BEBCC5F1E9}.Debug|Any CPU.ActiveCfg = Debug|Any CPU
		{E5C76559-1E26-49D0-9BC0-06BEBCC5F1E9}.Debug|Any CPU.Build.0 = Debug|Any CPU
		{E5C76559-1E26-49D0-9BC0-06BEBCC5F1E9}.Release|Any CPU.ActiveCfg = Release|Any CPU
		{E5C76559-1E26-49D0-9BC0-06BEBCC5F1E9}.Release|Any CPU.Build.0 = Release|Any CPU
	EndGlobalSection
	GlobalSection(SolutionProperties) = preSolution
		HideSolutionNode = FALSE
	EndGlobalSection
	GlobalSection(ExtensibilityGlobals) = postSolution
		SolutionGuid = {2A643D50-6867-47B2-993A-42A32131769B}
	EndGlobalSection
EndGlobal
